
Microsoft Visual Studio Solution File, Format Version 12.00
# Visual Studio Version 16
VisualStudioVersion = 16.0.31025.194
MinimumVisualStudioVersion = 10.0.40219.1
Project("{2150E333-8FDC-42A3-9474-1A3956D46DE8}") = "week02", "week02", "{A0247F23-E2BB-43FD-AFF1-FDBA54DB4418}"
EndProject
Project("{2150E333-8FDC-42A3-9474-1A3956D46DE8}") = "week03", "week03", "{694FDDE4-F3C7-4C7C-9CD1-C46A82B4C975}"
EndProject
Project("{8BC9CEB8-8B4A-11D0-8D11-00A0C91BC942}") = "example02", "week03\example02\example02.vcxproj", "{7A291902-AB1A-4CDC-B77B-A8C31A3BC778}"
EndProject
Project("{8BC9CEB8-8B4A-11D0-8D11-00A0C91BC942}") = "example03", "week03\example03\example03.vcxproj", "{3423301F-ED6E-4D41-A086-D5F474A8B596}"
EndProject
Project("{8BC9CEB8-8B4A-11D0-8D11-00A0C91BC942}") = "example04", "week03\example04\example04.vcxproj", "{1C79BD2F-7E0A-4BA7-8A48-6C07C9EF1C83}"
EndProject
Project("{8BC9CEB8-8B4A-11D0-8D11-00A0C91BC942}") = "lab01", "week03\lab01\lab01.vcxproj", "{88CDD6D3-9BAC-45EC-8D93-B674820B2A14}"
EndProject
Project("{2150E333-8FDC-42A3-9474-1A3956D46DE8}") = "week04", "week04", "{1CDD1684-79EB-4379-9B17-FCB77E960BF5}"
EndProject
Project("{8BC9CEB8-8B4A-11D0-8D11-00A0C91BC942}") = "example01", "week04\example01\example01.vcxproj", "{B8CE4F27-C2E0-4253-9B19-6819C107011B}"
EndProject
Project("{8BC9CEB8-8B4A-11D0-8D11-00A0C91BC942}") = "example02", "week04\example02\example02.vcxproj", "{D454D1B8-E3A7-4A42-8FFD-FA0B4B13D99F}"
EndProject
Project("{8BC9CEB8-8B4A-11D0-8D11-00A0C91BC942}") = "example03", "week04\example03\example03.vcxproj", "{465B50CF-FF30-4CEF-8E88-2172C8075E7F}"
EndProject
Project("{8BC9CEB8-8B4A-11D0-8D11-00A0C91BC942}") = "lab01", "week04\lab01\lab01.vcxproj", "{6E83AB65-BF87-4B64-B3B4-354C7FFE9C5C}"
EndProject
Project("{8BC9CEB8-8B4A-11D0-8D11-00A0C91BC942}") = "example04", "week04\example04\example04.vcxproj", "{606F6AD5-62DF-419F-97E3-55F6B46FF6B8}"
EndProject
Project("{8BC9CEB8-8B4A-11D0-8D11-00A0C91BC942}") = "lab02", "week04\lab02\lab02.vcxproj", "{0A11CC6F-7699-4618-BD50-22FBC70BAD90}"
EndProject
Project("{2150E333-8FDC-42A3-9474-1A3956D46DE8}") = "week05", "week05", "{C134292F-F6C2-4557-B445-52A63311AE45}"
EndProject
Project("{8BC9CEB8-8B4A-11D0-8D11-00A0C91BC942}") = "example01", "week05\example01\example01.vcxproj", "{16A903CB-3AD7-4B44-BF80-42055A38DB7B}"
EndProject
Project("{8BC9CEB8-8B4A-11D0-8D11-00A0C91BC942}") = "example02", "week05\example02\example02.vcxproj", "{9EFDFF14-F876-447A-A06B-137B6C3E13FE}"
EndProject
Project("{8BC9CEB8-8B4A-11D0-8D11-00A0C91BC942}") = "lab03", "week05\lab03\lab03.vcxproj", "{1CE5DECB-3450-42AF-82CC-C1136AE12ACC}"
EndProject
Project("{8BC9CEB8-8B4A-11D0-8D11-00A0C91BC942}") = "example03", "week05\example03\example03.vcxproj", "{5EB9D0A5-051F-43A8-9504-746F08BD9CA5}"
EndProject
Project("{2150E333-8FDC-42A3-9474-1A3956D46DE8}") = "week06", "week06", "{FE7BEA48-9074-46F1-A76A-4914D51A8C4B}"
EndProject
Project("{8BC9CEB8-8B4A-11D0-8D11-00A0C91BC942}") = "example01", "week06\example01\example01.vcxproj", "{3AFB71B8-15AA-48BF-A156-AAEEE05594DC}"
EndProject
Project("{8BC9CEB8-8B4A-11D0-8D11-00A0C91BC942}") = "lab01", "week06\lab01\lab01.vcxproj", "{39F45B65-0CF4-4559-B385-69806AAC112D}"
EndProject
Project("{8BC9CEB8-8B4A-11D0-8D11-00A0C91BC942}") = "lab02", "week06\lab02\lab02.vcxproj", "{035153CC-8DA6-4A25-9FB4-5442545A670B}"
EndProject
Project("{2150E333-8FDC-42A3-9474-1A3956D46DE8}") = "week07", "week07", "{0BEB785F-A18E-4DC6-8AEE-168E631B0FB7}"
EndProject
Project("{8BC9CEB8-8B4A-11D0-8D11-00A0C91BC942}") = "review", "week07\review\review.vcxproj", "{24DAD805-9623-4105-AB1B-F871960283F5}"
EndProject
Project("{8BC9CEB8-8B4A-11D0-8D11-00A0C91BC942}") = "example01", "week02\example01\example01.vcxproj", "{2EDC73D0-2A5A-401D-99BB-B848B9DD2BFF}"
EndProject
Project("{8BC9CEB8-8B4A-11D0-8D11-00A0C91BC942}") = "example02", "week02\example02\example02.vcxproj", "{B2E8DA4F-A712-498A-8686-A7A142E3DF69}"
EndProject
Project("{8BC9CEB8-8B4A-11D0-8D11-00A0C91BC942}") = "example03", "week02\example03\example03.vcxproj", "{14D85D4B-D2DA-47DB-A6DD-930448FDB1D8}"
EndProject
Project("{8BC9CEB8-8B4A-11D0-8D11-00A0C91BC942}") = "lab01", "week02\lab01\lab01.vcxproj", "{7826BF77-25AD-471E-AB29-61DA85CE3BC7}"
EndProject
Project("{8BC9CEB8-8B4A-11D0-8D11-00A0C91BC942}") = "lab02", "week02\lab02\lab02.vcxproj", "{C0EC0D19-B61C-4A90-9DFB-4C89207F3436}"
EndProject
Project("{8BC9CEB8-8B4A-11D0-8D11-00A0C91BC942}") = "lab03", "week02\lab03\lab03.vcxproj", "{9FAEEC0E-381D-4D96-8C4E-2B91C8137B0C}"
EndProject
Project("{8BC9CEB8-8B4A-11D0-8D11-00A0C91BC942}") = "example01", "week03\example01\example01.vcxproj", "{21FCFFDF-2E82-4337-9BA6-F28C29C802AD}"
EndProject
Project("{2150E333-8FDC-42A3-9474-1A3956D46DE8}") = "week01", "week01", "{41910DBC-8ECE-4F9F-A672-CD98B6BB7EA5}"
EndProject
Project("{8BC9CEB8-8B4A-11D0-8D11-00A0C91BC942}") = "example01", "week01\example01\example01.vcxproj", "{3ED8E551-66C6-4816-84C7-76637A68125C}"
EndProject
Project("{8BC9CEB8-8B4A-11D0-8D11-00A0C91BC942}") = "example02", "week01\example02\example02.vcxproj", "{A6EADED8-25E9-4370-9F6F-C4FB4BB81C4F}"
EndProject
Project("{8BC9CEB8-8B4A-11D0-8D11-00A0C91BC942}") = "example03", "week01\example03\example03.vcxproj", "{FBA100CC-623C-4132-A5F3-34C6D2678E2B}"
EndProject
Project("{8BC9CEB8-8B4A-11D0-8D11-00A0C91BC942}") = "example04", "week01\example04\example04.vcxproj", "{B10B94CB-08E1-436F-9C43-5893D699C278}"
EndProject
Project("{8BC9CEB8-8B4A-11D0-8D11-00A0C91BC942}") = "lab02", "week01\lab02\lab02.vcxproj", "{2006D650-8EA9-4541-BEE9-AE81A64D0B2E}"
EndProject
Project("{8BC9CEB8-8B4A-11D0-8D11-00A0C91BC942}") = "lab03", "week01\lab03\lab03.vcxproj", "{E1524803-3189-43CE-9D61-E42986E7A196}"
EndProject
Project("{8BC9CEB8-8B4A-11D0-8D11-00A0C91BC942}") = "lab04", "week01\lab04\lab04.vcxproj", "{2B458F93-85A3-45D0-B4A7-40C1B605D1D6}"
EndProject
Project("{8BC9CEB8-8B4A-11D0-8D11-00A0C91BC942}") = "lab05", "week01\lab05\lab05.vcxproj", "{F25B0884-7DFB-4248-AC96-5E44C7CB9615}"
EndProject
Project("{8BC9CEB8-8B4A-11D0-8D11-00A0C91BC942}") = "lab06", "week01\lab06\lab06.vcxproj", "{37D8E991-E9EB-47A4-9E97-07702D5AF3B7}"
EndProject
Project("{8BC9CEB8-8B4A-11D0-8D11-00A0C91BC942}") = "lab01", "week05\lab01\lab05.vcxproj", "{B2DCC829-62F8-4921-A30C-AB37E9A51F30}"
EndProject
Project("{2150E333-8FDC-42A3-9474-1A3956D46DE8}") = "week08", "week08", "{986CB2E8-DD8D-416E-B4DD-F31010DF9962}"
EndProject
Project("{8BC9CEB8-8B4A-11D0-8D11-00A0C91BC942}") = "midterm01", "week08\midterm01\midterm01.vcxproj", "{6A7EB8F4-E01C-498D-8F4B-A2819940893C}"
EndProject
Project("{2150E333-8FDC-42A3-9474-1A3956D46DE8}") = "week09", "week09", "{751F1AB1-ED69-4AE4-8EC2-BED627297CC2}"
EndProject
Project("{8BC9CEB8-8B4A-11D0-8D11-00A0C91BC942}") = "example01", "week09\example01\example01.vcxproj", "{8EB68221-C2E2-408D-BBD7-3226B973408E}"
EndProject
Project("{8BC9CEB8-8B4A-11D0-8D11-00A0C91BC942}") = "lab01", "week09\lab01\lab01.vcxproj", "{E45907FC-0678-4454-9258-A9FFD4319439}"
EndProject
Project("{2150E333-8FDC-42A3-9474-1A3956D46DE8}") = "week10", "week10", "{4B536E2A-FB87-4938-BE84-147D357C2976}"
EndProject
Project("{8BC9CEB8-8B4A-11D0-8D11-00A0C91BC942}") = "example01", "week10\example01\example01.vcxproj", "{220B1D71-CA42-42E1-BC5F-2A360DAC85F3}"
EndProject
Project("{8BC9CEB8-8B4A-11D0-8D11-00A0C91BC942}") = "example02", "week10\example02\example02.vcxproj", "{A73086C7-B0FC-48C9-A381-06873FA46EE1}"
EndProject
Project("{8BC9CEB8-8B4A-11D0-8D11-00A0C91BC942}") = "example03", "week10\example03\example03.vcxproj", "{E3A5044D-BB80-4BE8-872D-B192B55110A1}"
EndProject
Project("{8BC9CEB8-8B4A-11D0-8D11-00A0C91BC942}") = "example04", "week10\example04\example04.vcxproj", "{A8921BDC-5446-4E9C-95F5-876EC82C03A4}"
EndProject
Project("{2150E333-8FDC-42A3-9474-1A3956D46DE8}") = "week11", "week11", "{CA7EE86D-A334-4065-BD10-238AA78595D5}"
EndProject
Project("{8BC9CEB8-8B4A-11D0-8D11-00A0C91BC942}") = "example01", "week11\example01\example01.vcxproj", "{37315771-5876-474D-B40C-D86320FAD1BA}"
EndProject
Project("{8BC9CEB8-8B4A-11D0-8D11-00A0C91BC942}") = "example02", "week11\example02\example02.vcxproj", "{B03AA268-9BA4-413C-A761-A8C52B7BB622}"
EndProject
Project("{8BC9CEB8-8B4A-11D0-8D11-00A0C91BC942}") = "lab02", "week11\lab02\lab02.vcxproj", "{5C4E1B37-4AA8-444B-B512-323A7803EC53}"
EndProject
Project("{8BC9CEB8-8B4A-11D0-8D11-00A0C91BC942}") = "lab03", "week11\lab03\lab03.vcxproj", "{CEEB8063-22E7-4A21-B5F2-6CAC2036AF5C}"
EndProject
Project("{2150E333-8FDC-42A3-9474-1A3956D46DE8}") = "week12", "week12", "{11F76C48-75C6-47EE-AE6A-52F9EC722447}"
EndProject
Project("{8BC9CEB8-8B4A-11D0-8D11-00A0C91BC942}") = "example01", "week12\example01\example01.vcxproj", "{BF4239C6-336B-40AE-B91A-27C66BCBB345}"
EndProject
Project("{8BC9CEB8-8B4A-11D0-8D11-00A0C91BC942}") = "example02", "week12\example02\example02.vcxproj", "{C6F2060B-8284-46A6-AA11-D2FDC11F59B4}"
EndProject
Project("{8BC9CEB8-8B4A-11D0-8D11-00A0C91BC942}") = "example03", "week12\example03\example03.vcxproj", "{121628EA-653D-4F8B-A40C-5F733797E8E1}"
EndProject
Project("{8BC9CEB8-8B4A-11D0-8D11-00A0C91BC942}") = "lab01", "week12\lab01\lab01.vcxproj", "{78F8A368-E7EB-4BBE-8804-F4129CC53D9A}"
EndProject
Project("{8BC9CEB8-8B4A-11D0-8D11-00A0C91BC942}") = "example04", "week12\example04\example04.vcxproj", "{8B431880-4B6B-4E1B-9242-36EFB2615132}"
EndProject
Project("{2150E333-8FDC-42A3-9474-1A3956D46DE8}") = "week13", "week13", "{4BC0FED7-C807-4990-9FDD-B8034656B88B}"
EndProject
Project("{8BC9CEB8-8B4A-11D0-8D11-00A0C91BC942}") = "example01", "week13\example01\example01.vcxproj", "{F1BBFC87-EB4C-4183-BE76-D8ACA5507448}"
EndProject
Project("{8BC9CEB8-8B4A-11D0-8D11-00A0C91BC942}") = "lab01", "week13\lab01\lab01.vcxproj", "{09608EAF-ECB1-468A-8EF4-AE02EE968BC4}"
EndProject
Project("{2150E333-8FDC-42A3-9474-1A3956D46DE8}") = "project", "project", "{A611F94E-B3B5-4AB1-A41D-49FF23D9DC1B}"
EndProject
Project("{8BC9CEB8-8B4A-11D0-8D11-00A0C91BC942}") = "YShwangGame", "project\YShwangGame\YShwangGame.vcxproj", "{59FCCAF7-4395-4F73-A13C-EDB1982BC6E9}"
EndProject
Global
	GlobalSection(SolutionConfigurationPlatforms) = preSolution
		Debug|x64 = Debug|x64
		Debug|x86 = Debug|x86
		Release|x64 = Release|x64
		Release|x86 = Release|x86
	EndGlobalSection
	GlobalSection(ProjectConfigurationPlatforms) = postSolution
		{7A291902-AB1A-4CDC-B77B-A8C31A3BC778}.Debug|x64.ActiveCfg = Debug|x64
		{7A291902-AB1A-4CDC-B77B-A8C31A3BC778}.Debug|x64.Build.0 = Debug|x64
		{7A291902-AB1A-4CDC-B77B-A8C31A3BC778}.Debug|x86.ActiveCfg = Debug|Win32
		{7A291902-AB1A-4CDC-B77B-A8C31A3BC778}.Debug|x86.Build.0 = Debug|Win32
		{7A291902-AB1A-4CDC-B77B-A8C31A3BC778}.Release|x64.ActiveCfg = Release|x64
		{7A291902-AB1A-4CDC-B77B-A8C31A3BC778}.Release|x64.Build.0 = Release|x64
		{7A291902-AB1A-4CDC-B77B-A8C31A3BC778}.Release|x86.ActiveCfg = Release|Win32
		{7A291902-AB1A-4CDC-B77B-A8C31A3BC778}.Release|x86.Build.0 = Release|Win32
		{3423301F-ED6E-4D41-A086-D5F474A8B596}.Debug|x64.ActiveCfg = Debug|x64
		{3423301F-ED6E-4D41-A086-D5F474A8B596}.Debug|x64.Build.0 = Debug|x64
		{3423301F-ED6E-4D41-A086-D5F474A8B596}.Debug|x86.ActiveCfg = Debug|Win32
		{3423301F-ED6E-4D41-A086-D5F474A8B596}.Debug|x86.Build.0 = Debug|Win32
		{3423301F-ED6E-4D41-A086-D5F474A8B596}.Release|x64.ActiveCfg = Release|x64
		{3423301F-ED6E-4D41-A086-D5F474A8B596}.Release|x64.Build.0 = Release|x64
		{3423301F-ED6E-4D41-A086-D5F474A8B596}.Release|x86.ActiveCfg = Release|Win32
		{3423301F-ED6E-4D41-A086-D5F474A8B596}.Release|x86.Build.0 = Release|Win32
		{1C79BD2F-7E0A-4BA7-8A48-6C07C9EF1C83}.Debug|x64.ActiveCfg = Debug|x64
		{1C79BD2F-7E0A-4BA7-8A48-6C07C9EF1C83}.Debug|x64.Build.0 = Debug|x64
		{1C79BD2F-7E0A-4BA7-8A48-6C07C9EF1C83}.Debug|x86.ActiveCfg = Debug|Win32
		{1C79BD2F-7E0A-4BA7-8A48-6C07C9EF1C83}.Debug|x86.Build.0 = Debug|Win32
		{1C79BD2F-7E0A-4BA7-8A48-6C07C9EF1C83}.Release|x64.ActiveCfg = Release|x64
		{1C79BD2F-7E0A-4BA7-8A48-6C07C9EF1C83}.Release|x64.Build.0 = Release|x64
		{1C79BD2F-7E0A-4BA7-8A48-6C07C9EF1C83}.Release|x86.ActiveCfg = Release|Win32
		{1C79BD2F-7E0A-4BA7-8A48-6C07C9EF1C83}.Release|x86.Build.0 = Release|Win32
		{88CDD6D3-9BAC-45EC-8D93-B674820B2A14}.Debug|x64.ActiveCfg = Debug|x64
		{88CDD6D3-9BAC-45EC-8D93-B674820B2A14}.Debug|x64.Build.0 = Debug|x64
		{88CDD6D3-9BAC-45EC-8D93-B674820B2A14}.Debug|x86.ActiveCfg = Debug|Win32
		{88CDD6D3-9BAC-45EC-8D93-B674820B2A14}.Debug|x86.Build.0 = Debug|Win32
		{88CDD6D3-9BAC-45EC-8D93-B674820B2A14}.Release|x64.ActiveCfg = Release|x64
		{88CDD6D3-9BAC-45EC-8D93-B674820B2A14}.Release|x64.Build.0 = Release|x64
		{88CDD6D3-9BAC-45EC-8D93-B674820B2A14}.Release|x86.ActiveCfg = Release|Win32
		{88CDD6D3-9BAC-45EC-8D93-B674820B2A14}.Release|x86.Build.0 = Release|Win32
		{B8CE4F27-C2E0-4253-9B19-6819C107011B}.Debug|x64.ActiveCfg = Debug|x64
		{B8CE4F27-C2E0-4253-9B19-6819C107011B}.Debug|x64.Build.0 = Debug|x64
		{B8CE4F27-C2E0-4253-9B19-6819C107011B}.Debug|x86.ActiveCfg = Debug|Win32
		{B8CE4F27-C2E0-4253-9B19-6819C107011B}.Debug|x86.Build.0 = Debug|Win32
		{B8CE4F27-C2E0-4253-9B19-6819C107011B}.Release|x64.ActiveCfg = Release|x64
		{B8CE4F27-C2E0-4253-9B19-6819C107011B}.Release|x64.Build.0 = Release|x64
		{B8CE4F27-C2E0-4253-9B19-6819C107011B}.Release|x86.ActiveCfg = Release|Win32
		{B8CE4F27-C2E0-4253-9B19-6819C107011B}.Release|x86.Build.0 = Release|Win32
		{D454D1B8-E3A7-4A42-8FFD-FA0B4B13D99F}.Debug|x64.ActiveCfg = Debug|x64
		{D454D1B8-E3A7-4A42-8FFD-FA0B4B13D99F}.Debug|x64.Build.0 = Debug|x64
		{D454D1B8-E3A7-4A42-8FFD-FA0B4B13D99F}.Debug|x86.ActiveCfg = Debug|Win32
		{D454D1B8-E3A7-4A42-8FFD-FA0B4B13D99F}.Debug|x86.Build.0 = Debug|Win32
		{D454D1B8-E3A7-4A42-8FFD-FA0B4B13D99F}.Release|x64.ActiveCfg = Release|x64
		{D454D1B8-E3A7-4A42-8FFD-FA0B4B13D99F}.Release|x64.Build.0 = Release|x64
		{D454D1B8-E3A7-4A42-8FFD-FA0B4B13D99F}.Release|x86.ActiveCfg = Release|Win32
		{D454D1B8-E3A7-4A42-8FFD-FA0B4B13D99F}.Release|x86.Build.0 = Release|Win32
		{465B50CF-FF30-4CEF-8E88-2172C8075E7F}.Debug|x64.ActiveCfg = Debug|x64
		{465B50CF-FF30-4CEF-8E88-2172C8075E7F}.Debug|x64.Build.0 = Debug|x64
		{465B50CF-FF30-4CEF-8E88-2172C8075E7F}.Debug|x86.ActiveCfg = Debug|Win32
		{465B50CF-FF30-4CEF-8E88-2172C8075E7F}.Debug|x86.Build.0 = Debug|Win32
		{465B50CF-FF30-4CEF-8E88-2172C8075E7F}.Release|x64.ActiveCfg = Release|x64
		{465B50CF-FF30-4CEF-8E88-2172C8075E7F}.Release|x64.Build.0 = Release|x64
		{465B50CF-FF30-4CEF-8E88-2172C8075E7F}.Release|x86.ActiveCfg = Release|Win32
		{465B50CF-FF30-4CEF-8E88-2172C8075E7F}.Release|x86.Build.0 = Release|Win32
		{6E83AB65-BF87-4B64-B3B4-354C7FFE9C5C}.Debug|x64.ActiveCfg = Debug|x64
		{6E83AB65-BF87-4B64-B3B4-354C7FFE9C5C}.Debug|x64.Build.0 = Debug|x64
		{6E83AB65-BF87-4B64-B3B4-354C7FFE9C5C}.Debug|x86.ActiveCfg = Debug|Win32
		{6E83AB65-BF87-4B64-B3B4-354C7FFE9C5C}.Debug|x86.Build.0 = Debug|Win32
		{6E83AB65-BF87-4B64-B3B4-354C7FFE9C5C}.Release|x64.ActiveCfg = Release|x64
		{6E83AB65-BF87-4B64-B3B4-354C7FFE9C5C}.Release|x64.Build.0 = Release|x64
		{6E83AB65-BF87-4B64-B3B4-354C7FFE9C5C}.Release|x86.ActiveCfg = Release|Win32
		{6E83AB65-BF87-4B64-B3B4-354C7FFE9C5C}.Release|x86.Build.0 = Release|Win32
		{606F6AD5-62DF-419F-97E3-55F6B46FF6B8}.Debug|x64.ActiveCfg = Debug|x64
		{606F6AD5-62DF-419F-97E3-55F6B46FF6B8}.Debug|x64.Build.0 = Debug|x64
		{606F6AD5-62DF-419F-97E3-55F6B46FF6B8}.Debug|x86.ActiveCfg = Debug|Win32
		{606F6AD5-62DF-419F-97E3-55F6B46FF6B8}.Debug|x86.Build.0 = Debug|Win32
		{606F6AD5-62DF-419F-97E3-55F6B46FF6B8}.Release|x64.ActiveCfg = Release|x64
		{606F6AD5-62DF-419F-97E3-55F6B46FF6B8}.Release|x64.Build.0 = Release|x64
		{606F6AD5-62DF-419F-97E3-55F6B46FF6B8}.Release|x86.ActiveCfg = Release|Win32
		{606F6AD5-62DF-419F-97E3-55F6B46FF6B8}.Release|x86.Build.0 = Release|Win32
		{0A11CC6F-7699-4618-BD50-22FBC70BAD90}.Debug|x64.ActiveCfg = Debug|x64
		{0A11CC6F-7699-4618-BD50-22FBC70BAD90}.Debug|x64.Build.0 = Debug|x64
		{0A11CC6F-7699-4618-BD50-22FBC70BAD90}.Debug|x86.ActiveCfg = Debug|Win32
		{0A11CC6F-7699-4618-BD50-22FBC70BAD90}.Debug|x86.Build.0 = Debug|Win32
		{0A11CC6F-7699-4618-BD50-22FBC70BAD90}.Release|x64.ActiveCfg = Release|x64
		{0A11CC6F-7699-4618-BD50-22FBC70BAD90}.Release|x64.Build.0 = Release|x64
		{0A11CC6F-7699-4618-BD50-22FBC70BAD90}.Release|x86.ActiveCfg = Release|Win32
		{0A11CC6F-7699-4618-BD50-22FBC70BAD90}.Release|x86.Build.0 = Release|Win32
		{16A903CB-3AD7-4B44-BF80-42055A38DB7B}.Debug|x64.ActiveCfg = Debug|x64
		{16A903CB-3AD7-4B44-BF80-42055A38DB7B}.Debug|x64.Build.0 = Debug|x64
		{16A903CB-3AD7-4B44-BF80-42055A38DB7B}.Debug|x86.ActiveCfg = Debug|Win32
		{16A903CB-3AD7-4B44-BF80-42055A38DB7B}.Debug|x86.Build.0 = Debug|Win32
		{16A903CB-3AD7-4B44-BF80-42055A38DB7B}.Release|x64.ActiveCfg = Release|x64
		{16A903CB-3AD7-4B44-BF80-42055A38DB7B}.Release|x64.Build.0 = Release|x64
		{16A903CB-3AD7-4B44-BF80-42055A38DB7B}.Release|x86.ActiveCfg = Release|Win32
		{16A903CB-3AD7-4B44-BF80-42055A38DB7B}.Release|x86.Build.0 = Release|Win32
		{9EFDFF14-F876-447A-A06B-137B6C3E13FE}.Debug|x64.ActiveCfg = Debug|x64
		{9EFDFF14-F876-447A-A06B-137B6C3E13FE}.Debug|x64.Build.0 = Debug|x64
		{9EFDFF14-F876-447A-A06B-137B6C3E13FE}.Debug|x86.ActiveCfg = Debug|Win32
		{9EFDFF14-F876-447A-A06B-137B6C3E13FE}.Debug|x86.Build.0 = Debug|Win32
		{9EFDFF14-F876-447A-A06B-137B6C3E13FE}.Release|x64.ActiveCfg = Release|x64
		{9EFDFF14-F876-447A-A06B-137B6C3E13FE}.Release|x64.Build.0 = Release|x64
		{9EFDFF14-F876-447A-A06B-137B6C3E13FE}.Release|x86.ActiveCfg = Release|Win32
		{9EFDFF14-F876-447A-A06B-137B6C3E13FE}.Release|x86.Build.0 = Release|Win32
		{1CE5DECB-3450-42AF-82CC-C1136AE12ACC}.Debug|x64.ActiveCfg = Debug|x64
		{1CE5DECB-3450-42AF-82CC-C1136AE12ACC}.Debug|x64.Build.0 = Debug|x64
		{1CE5DECB-3450-42AF-82CC-C1136AE12ACC}.Debug|x86.ActiveCfg = Debug|Win32
		{1CE5DECB-3450-42AF-82CC-C1136AE12ACC}.Debug|x86.Build.0 = Debug|Win32
		{1CE5DECB-3450-42AF-82CC-C1136AE12ACC}.Release|x64.ActiveCfg = Release|x64
		{1CE5DECB-3450-42AF-82CC-C1136AE12ACC}.Release|x64.Build.0 = Release|x64
		{1CE5DECB-3450-42AF-82CC-C1136AE12ACC}.Release|x86.ActiveCfg = Release|Win32
		{1CE5DECB-3450-42AF-82CC-C1136AE12ACC}.Release|x86.Build.0 = Release|Win32
		{5EB9D0A5-051F-43A8-9504-746F08BD9CA5}.Debug|x64.ActiveCfg = Debug|x64
		{5EB9D0A5-051F-43A8-9504-746F08BD9CA5}.Debug|x64.Build.0 = Debug|x64
		{5EB9D0A5-051F-43A8-9504-746F08BD9CA5}.Debug|x86.ActiveCfg = Debug|Win32
		{5EB9D0A5-051F-43A8-9504-746F08BD9CA5}.Debug|x86.Build.0 = Debug|Win32
		{5EB9D0A5-051F-43A8-9504-746F08BD9CA5}.Release|x64.ActiveCfg = Release|x64
		{5EB9D0A5-051F-43A8-9504-746F08BD9CA5}.Release|x64.Build.0 = Release|x64
		{5EB9D0A5-051F-43A8-9504-746F08BD9CA5}.Release|x86.ActiveCfg = Release|Win32
		{5EB9D0A5-051F-43A8-9504-746F08BD9CA5}.Release|x86.Build.0 = Release|Win32
		{3AFB71B8-15AA-48BF-A156-AAEEE05594DC}.Debug|x64.ActiveCfg = Debug|x64
		{3AFB71B8-15AA-48BF-A156-AAEEE05594DC}.Debug|x64.Build.0 = Debug|x64
		{3AFB71B8-15AA-48BF-A156-AAEEE05594DC}.Debug|x86.ActiveCfg = Debug|Win32
		{3AFB71B8-15AA-48BF-A156-AAEEE05594DC}.Debug|x86.Build.0 = Debug|Win32
		{3AFB71B8-15AA-48BF-A156-AAEEE05594DC}.Release|x64.ActiveCfg = Release|x64
		{3AFB71B8-15AA-48BF-A156-AAEEE05594DC}.Release|x64.Build.0 = Release|x64
		{3AFB71B8-15AA-48BF-A156-AAEEE05594DC}.Release|x86.ActiveCfg = Release|Win32
		{3AFB71B8-15AA-48BF-A156-AAEEE05594DC}.Release|x86.Build.0 = Release|Win32
		{39F45B65-0CF4-4559-B385-69806AAC112D}.Debug|x64.ActiveCfg = Debug|x64
		{39F45B65-0CF4-4559-B385-69806AAC112D}.Debug|x64.Build.0 = Debug|x64
		{39F45B65-0CF4-4559-B385-69806AAC112D}.Debug|x86.ActiveCfg = Debug|Win32
		{39F45B65-0CF4-4559-B385-69806AAC112D}.Debug|x86.Build.0 = Debug|Win32
		{39F45B65-0CF4-4559-B385-69806AAC112D}.Release|x64.ActiveCfg = Release|x64
		{39F45B65-0CF4-4559-B385-69806AAC112D}.Release|x64.Build.0 = Release|x64
		{39F45B65-0CF4-4559-B385-69806AAC112D}.Release|x86.ActiveCfg = Release|Win32
		{39F45B65-0CF4-4559-B385-69806AAC112D}.Release|x86.Build.0 = Release|Win32
		{035153CC-8DA6-4A25-9FB4-5442545A670B}.Debug|x64.ActiveCfg = Debug|x64
		{035153CC-8DA6-4A25-9FB4-5442545A670B}.Debug|x64.Build.0 = Debug|x64
		{035153CC-8DA6-4A25-9FB4-5442545A670B}.Debug|x86.ActiveCfg = Debug|Win32
		{035153CC-8DA6-4A25-9FB4-5442545A670B}.Debug|x86.Build.0 = Debug|Win32
		{035153CC-8DA6-4A25-9FB4-5442545A670B}.Release|x64.ActiveCfg = Release|x64
		{035153CC-8DA6-4A25-9FB4-5442545A670B}.Release|x64.Build.0 = Release|x64
		{035153CC-8DA6-4A25-9FB4-5442545A670B}.Release|x86.ActiveCfg = Release|Win32
		{035153CC-8DA6-4A25-9FB4-5442545A670B}.Release|x86.Build.0 = Release|Win32
		{24DAD805-9623-4105-AB1B-F871960283F5}.Debug|x64.ActiveCfg = Debug|x64
		{24DAD805-9623-4105-AB1B-F871960283F5}.Debug|x64.Build.0 = Debug|x64
		{24DAD805-9623-4105-AB1B-F871960283F5}.Debug|x86.ActiveCfg = Debug|Win32
		{24DAD805-9623-4105-AB1B-F871960283F5}.Debug|x86.Build.0 = Debug|Win32
		{24DAD805-9623-4105-AB1B-F871960283F5}.Release|x64.ActiveCfg = Release|x64
		{24DAD805-9623-4105-AB1B-F871960283F5}.Release|x64.Build.0 = Release|x64
		{24DAD805-9623-4105-AB1B-F871960283F5}.Release|x86.ActiveCfg = Release|Win32
		{24DAD805-9623-4105-AB1B-F871960283F5}.Release|x86.Build.0 = Release|Win32
		{2EDC73D0-2A5A-401D-99BB-B848B9DD2BFF}.Debug|x64.ActiveCfg = Debug|x64
		{2EDC73D0-2A5A-401D-99BB-B848B9DD2BFF}.Debug|x64.Build.0 = Debug|x64
		{2EDC73D0-2A5A-401D-99BB-B848B9DD2BFF}.Debug|x86.ActiveCfg = Debug|Win32
		{2EDC73D0-2A5A-401D-99BB-B848B9DD2BFF}.Debug|x86.Build.0 = Debug|Win32
		{2EDC73D0-2A5A-401D-99BB-B848B9DD2BFF}.Release|x64.ActiveCfg = Release|x64
		{2EDC73D0-2A5A-401D-99BB-B848B9DD2BFF}.Release|x64.Build.0 = Release|x64
		{2EDC73D0-2A5A-401D-99BB-B848B9DD2BFF}.Release|x86.ActiveCfg = Release|Win32
		{2EDC73D0-2A5A-401D-99BB-B848B9DD2BFF}.Release|x86.Build.0 = Release|Win32
		{B2E8DA4F-A712-498A-8686-A7A142E3DF69}.Debug|x64.ActiveCfg = Debug|x64
		{B2E8DA4F-A712-498A-8686-A7A142E3DF69}.Debug|x64.Build.0 = Debug|x64
		{B2E8DA4F-A712-498A-8686-A7A142E3DF69}.Debug|x86.ActiveCfg = Debug|Win32
		{B2E8DA4F-A712-498A-8686-A7A142E3DF69}.Debug|x86.Build.0 = Debug|Win32
		{B2E8DA4F-A712-498A-8686-A7A142E3DF69}.Release|x64.ActiveCfg = Release|x64
		{B2E8DA4F-A712-498A-8686-A7A142E3DF69}.Release|x64.Build.0 = Release|x64
		{B2E8DA4F-A712-498A-8686-A7A142E3DF69}.Release|x86.ActiveCfg = Release|Win32
		{B2E8DA4F-A712-498A-8686-A7A142E3DF69}.Release|x86.Build.0 = Release|Win32
		{14D85D4B-D2DA-47DB-A6DD-930448FDB1D8}.Debug|x64.ActiveCfg = Debug|x64
		{14D85D4B-D2DA-47DB-A6DD-930448FDB1D8}.Debug|x64.Build.0 = Debug|x64
		{14D85D4B-D2DA-47DB-A6DD-930448FDB1D8}.Debug|x86.ActiveCfg = Debug|Win32
		{14D85D4B-D2DA-47DB-A6DD-930448FDB1D8}.Debug|x86.Build.0 = Debug|Win32
		{14D85D4B-D2DA-47DB-A6DD-930448FDB1D8}.Release|x64.ActiveCfg = Release|x64
		{14D85D4B-D2DA-47DB-A6DD-930448FDB1D8}.Release|x64.Build.0 = Release|x64
		{14D85D4B-D2DA-47DB-A6DD-930448FDB1D8}.Release|x86.ActiveCfg = Release|Win32
		{14D85D4B-D2DA-47DB-A6DD-930448FDB1D8}.Release|x86.Build.0 = Release|Win32
		{7826BF77-25AD-471E-AB29-61DA85CE3BC7}.Debug|x64.ActiveCfg = Debug|x64
		{7826BF77-25AD-471E-AB29-61DA85CE3BC7}.Debug|x64.Build.0 = Debug|x64
		{7826BF77-25AD-471E-AB29-61DA85CE3BC7}.Debug|x86.ActiveCfg = Debug|Win32
		{7826BF77-25AD-471E-AB29-61DA85CE3BC7}.Debug|x86.Build.0 = Debug|Win32
		{7826BF77-25AD-471E-AB29-61DA85CE3BC7}.Release|x64.ActiveCfg = Release|x64
		{7826BF77-25AD-471E-AB29-61DA85CE3BC7}.Release|x64.Build.0 = Release|x64
		{7826BF77-25AD-471E-AB29-61DA85CE3BC7}.Release|x86.ActiveCfg = Release|Win32
		{7826BF77-25AD-471E-AB29-61DA85CE3BC7}.Release|x86.Build.0 = Release|Win32
		{C0EC0D19-B61C-4A90-9DFB-4C89207F3436}.Debug|x64.ActiveCfg = Debug|x64
		{C0EC0D19-B61C-4A90-9DFB-4C89207F3436}.Debug|x64.Build.0 = Debug|x64
		{C0EC0D19-B61C-4A90-9DFB-4C89207F3436}.Debug|x86.ActiveCfg = Debug|Win32
		{C0EC0D19-B61C-4A90-9DFB-4C89207F3436}.Debug|x86.Build.0 = Debug|Win32
		{C0EC0D19-B61C-4A90-9DFB-4C89207F3436}.Release|x64.ActiveCfg = Release|x64
		{C0EC0D19-B61C-4A90-9DFB-4C89207F3436}.Release|x64.Build.0 = Release|x64
		{C0EC0D19-B61C-4A90-9DFB-4C89207F3436}.Release|x86.ActiveCfg = Release|Win32
		{C0EC0D19-B61C-4A90-9DFB-4C89207F3436}.Release|x86.Build.0 = Release|Win32
		{9FAEEC0E-381D-4D96-8C4E-2B91C8137B0C}.Debug|x64.ActiveCfg = Debug|x64
		{9FAEEC0E-381D-4D96-8C4E-2B91C8137B0C}.Debug|x64.Build.0 = Debug|x64
		{9FAEEC0E-381D-4D96-8C4E-2B91C8137B0C}.Debug|x86.ActiveCfg = Debug|Win32
		{9FAEEC0E-381D-4D96-8C4E-2B91C8137B0C}.Debug|x86.Build.0 = Debug|Win32
		{9FAEEC0E-381D-4D96-8C4E-2B91C8137B0C}.Release|x64.ActiveCfg = Release|x64
		{9FAEEC0E-381D-4D96-8C4E-2B91C8137B0C}.Release|x64.Build.0 = Release|x64
		{9FAEEC0E-381D-4D96-8C4E-2B91C8137B0C}.Release|x86.ActiveCfg = Release|Win32
		{9FAEEC0E-381D-4D96-8C4E-2B91C8137B0C}.Release|x86.Build.0 = Release|Win32
		{21FCFFDF-2E82-4337-9BA6-F28C29C802AD}.Debug|x64.ActiveCfg = Debug|x64
		{21FCFFDF-2E82-4337-9BA6-F28C29C802AD}.Debug|x64.Build.0 = Debug|x64
		{21FCFFDF-2E82-4337-9BA6-F28C29C802AD}.Debug|x86.ActiveCfg = Debug|Win32
		{21FCFFDF-2E82-4337-9BA6-F28C29C802AD}.Debug|x86.Build.0 = Debug|Win32
		{21FCFFDF-2E82-4337-9BA6-F28C29C802AD}.Release|x64.ActiveCfg = Release|x64
		{21FCFFDF-2E82-4337-9BA6-F28C29C802AD}.Release|x64.Build.0 = Release|x64
		{21FCFFDF-2E82-4337-9BA6-F28C29C802AD}.Release|x86.ActiveCfg = Release|Win32
		{21FCFFDF-2E82-4337-9BA6-F28C29C802AD}.Release|x86.Build.0 = Release|Win32
		{3ED8E551-66C6-4816-84C7-76637A68125C}.Debug|x64.ActiveCfg = Debug|x64
		{3ED8E551-66C6-4816-84C7-76637A68125C}.Debug|x64.Build.0 = Debug|x64
		{3ED8E551-66C6-4816-84C7-76637A68125C}.Debug|x86.ActiveCfg = Debug|Win32
		{3ED8E551-66C6-4816-84C7-76637A68125C}.Debug|x86.Build.0 = Debug|Win32
		{3ED8E551-66C6-4816-84C7-76637A68125C}.Release|x64.ActiveCfg = Release|x64
		{3ED8E551-66C6-4816-84C7-76637A68125C}.Release|x64.Build.0 = Release|x64
		{3ED8E551-66C6-4816-84C7-76637A68125C}.Release|x86.ActiveCfg = Release|Win32
		{3ED8E551-66C6-4816-84C7-76637A68125C}.Release|x86.Build.0 = Release|Win32
		{A6EADED8-25E9-4370-9F6F-C4FB4BB81C4F}.Debug|x64.ActiveCfg = Debug|x64
		{A6EADED8-25E9-4370-9F6F-C4FB4BB81C4F}.Debug|x64.Build.0 = Debug|x64
		{A6EADED8-25E9-4370-9F6F-C4FB4BB81C4F}.Debug|x86.ActiveCfg = Debug|Win32
		{A6EADED8-25E9-4370-9F6F-C4FB4BB81C4F}.Debug|x86.Build.0 = Debug|Win32
		{A6EADED8-25E9-4370-9F6F-C4FB4BB81C4F}.Release|x64.ActiveCfg = Release|x64
		{A6EADED8-25E9-4370-9F6F-C4FB4BB81C4F}.Release|x64.Build.0 = Release|x64
		{A6EADED8-25E9-4370-9F6F-C4FB4BB81C4F}.Release|x86.ActiveCfg = Release|Win32
		{A6EADED8-25E9-4370-9F6F-C4FB4BB81C4F}.Release|x86.Build.0 = Release|Win32
		{FBA100CC-623C-4132-A5F3-34C6D2678E2B}.Debug|x64.ActiveCfg = Debug|x64
		{FBA100CC-623C-4132-A5F3-34C6D2678E2B}.Debug|x64.Build.0 = Debug|x64
		{FBA100CC-623C-4132-A5F3-34C6D2678E2B}.Debug|x86.ActiveCfg = Debug|Win32
		{FBA100CC-623C-4132-A5F3-34C6D2678E2B}.Debug|x86.Build.0 = Debug|Win32
		{FBA100CC-623C-4132-A5F3-34C6D2678E2B}.Release|x64.ActiveCfg = Release|x64
		{FBA100CC-623C-4132-A5F3-34C6D2678E2B}.Release|x64.Build.0 = Release|x64
		{FBA100CC-623C-4132-A5F3-34C6D2678E2B}.Release|x86.ActiveCfg = Release|Win32
		{FBA100CC-623C-4132-A5F3-34C6D2678E2B}.Release|x86.Build.0 = Release|Win32
		{B10B94CB-08E1-436F-9C43-5893D699C278}.Debug|x64.ActiveCfg = Debug|x64
		{B10B94CB-08E1-436F-9C43-5893D699C278}.Debug|x64.Build.0 = Debug|x64
		{B10B94CB-08E1-436F-9C43-5893D699C278}.Debug|x86.ActiveCfg = Debug|Win32
		{B10B94CB-08E1-436F-9C43-5893D699C278}.Debug|x86.Build.0 = Debug|Win32
		{B10B94CB-08E1-436F-9C43-5893D699C278}.Release|x64.ActiveCfg = Release|x64
		{B10B94CB-08E1-436F-9C43-5893D699C278}.Release|x64.Build.0 = Release|x64
		{B10B94CB-08E1-436F-9C43-5893D699C278}.Release|x86.ActiveCfg = Release|Win32
		{B10B94CB-08E1-436F-9C43-5893D699C278}.Release|x86.Build.0 = Release|Win32
		{2006D650-8EA9-4541-BEE9-AE81A64D0B2E}.Debug|x64.ActiveCfg = Debug|x64
		{2006D650-8EA9-4541-BEE9-AE81A64D0B2E}.Debug|x64.Build.0 = Debug|x64
		{2006D650-8EA9-4541-BEE9-AE81A64D0B2E}.Debug|x86.ActiveCfg = Debug|Win32
		{2006D650-8EA9-4541-BEE9-AE81A64D0B2E}.Debug|x86.Build.0 = Debug|Win32
		{2006D650-8EA9-4541-BEE9-AE81A64D0B2E}.Release|x64.ActiveCfg = Release|x64
		{2006D650-8EA9-4541-BEE9-AE81A64D0B2E}.Release|x64.Build.0 = Release|x64
		{2006D650-8EA9-4541-BEE9-AE81A64D0B2E}.Release|x86.ActiveCfg = Release|Win32
		{2006D650-8EA9-4541-BEE9-AE81A64D0B2E}.Release|x86.Build.0 = Release|Win32
		{E1524803-3189-43CE-9D61-E42986E7A196}.Debug|x64.ActiveCfg = Debug|x64
		{E1524803-3189-43CE-9D61-E42986E7A196}.Debug|x64.Build.0 = Debug|x64
		{E1524803-3189-43CE-9D61-E42986E7A196}.Debug|x86.ActiveCfg = Debug|Win32
		{E1524803-3189-43CE-9D61-E42986E7A196}.Debug|x86.Build.0 = Debug|Win32
		{E1524803-3189-43CE-9D61-E42986E7A196}.Release|x64.ActiveCfg = Release|x64
		{E1524803-3189-43CE-9D61-E42986E7A196}.Release|x64.Build.0 = Release|x64
		{E1524803-3189-43CE-9D61-E42986E7A196}.Release|x86.ActiveCfg = Release|Win32
		{E1524803-3189-43CE-9D61-E42986E7A196}.Release|x86.Build.0 = Release|Win32
		{2B458F93-85A3-45D0-B4A7-40C1B605D1D6}.Debug|x64.ActiveCfg = Debug|x64
		{2B458F93-85A3-45D0-B4A7-40C1B605D1D6}.Debug|x64.Build.0 = Debug|x64
		{2B458F93-85A3-45D0-B4A7-40C1B605D1D6}.Debug|x86.ActiveCfg = Debug|Win32
		{2B458F93-85A3-45D0-B4A7-40C1B605D1D6}.Debug|x86.Build.0 = Debug|Win32
		{2B458F93-85A3-45D0-B4A7-40C1B605D1D6}.Release|x64.ActiveCfg = Release|x64
		{2B458F93-85A3-45D0-B4A7-40C1B605D1D6}.Release|x64.Build.0 = Release|x64
		{2B458F93-85A3-45D0-B4A7-40C1B605D1D6}.Release|x86.ActiveCfg = Release|Win32
		{2B458F93-85A3-45D0-B4A7-40C1B605D1D6}.Release|x86.Build.0 = Release|Win32
		{F25B0884-7DFB-4248-AC96-5E44C7CB9615}.Debug|x64.ActiveCfg = Debug|x64
		{F25B0884-7DFB-4248-AC96-5E44C7CB9615}.Debug|x64.Build.0 = Debug|x64
		{F25B0884-7DFB-4248-AC96-5E44C7CB9615}.Debug|x86.ActiveCfg = Debug|Win32
		{F25B0884-7DFB-4248-AC96-5E44C7CB9615}.Debug|x86.Build.0 = Debug|Win32
		{F25B0884-7DFB-4248-AC96-5E44C7CB9615}.Release|x64.ActiveCfg = Release|x64
		{F25B0884-7DFB-4248-AC96-5E44C7CB9615}.Release|x64.Build.0 = Release|x64
		{F25B0884-7DFB-4248-AC96-5E44C7CB9615}.Release|x86.ActiveCfg = Release|Win32
		{F25B0884-7DFB-4248-AC96-5E44C7CB9615}.Release|x86.Build.0 = Release|Win32
		{37D8E991-E9EB-47A4-9E97-07702D5AF3B7}.Debug|x64.ActiveCfg = Debug|x64
		{37D8E991-E9EB-47A4-9E97-07702D5AF3B7}.Debug|x64.Build.0 = Debug|x64
		{37D8E991-E9EB-47A4-9E97-07702D5AF3B7}.Debug|x86.ActiveCfg = Debug|Win32
		{37D8E991-E9EB-47A4-9E97-07702D5AF3B7}.Debug|x86.Build.0 = Debug|Win32
		{37D8E991-E9EB-47A4-9E97-07702D5AF3B7}.Release|x64.ActiveCfg = Release|x64
		{37D8E991-E9EB-47A4-9E97-07702D5AF3B7}.Release|x64.Build.0 = Release|x64
		{37D8E991-E9EB-47A4-9E97-07702D5AF3B7}.Release|x86.ActiveCfg = Release|Win32
		{37D8E991-E9EB-47A4-9E97-07702D5AF3B7}.Release|x86.Build.0 = Release|Win32
		{B2DCC829-62F8-4921-A30C-AB37E9A51F30}.Debug|x64.ActiveCfg = Debug|x64
		{B2DCC829-62F8-4921-A30C-AB37E9A51F30}.Debug|x64.Build.0 = Debug|x64
		{B2DCC829-62F8-4921-A30C-AB37E9A51F30}.Debug|x86.ActiveCfg = Debug|Win32
		{B2DCC829-62F8-4921-A30C-AB37E9A51F30}.Debug|x86.Build.0 = Debug|Win32
		{B2DCC829-62F8-4921-A30C-AB37E9A51F30}.Release|x64.ActiveCfg = Release|x64
		{B2DCC829-62F8-4921-A30C-AB37E9A51F30}.Release|x64.Build.0 = Release|x64
		{B2DCC829-62F8-4921-A30C-AB37E9A51F30}.Release|x86.ActiveCfg = Release|Win32
		{B2DCC829-62F8-4921-A30C-AB37E9A51F30}.Release|x86.Build.0 = Release|Win32
		{6A7EB8F4-E01C-498D-8F4B-A2819940893C}.Debug|x64.ActiveCfg = Debug|x64
		{6A7EB8F4-E01C-498D-8F4B-A2819940893C}.Debug|x64.Build.0 = Debug|x64
		{6A7EB8F4-E01C-498D-8F4B-A2819940893C}.Debug|x86.ActiveCfg = Debug|Win32
		{6A7EB8F4-E01C-498D-8F4B-A2819940893C}.Debug|x86.Build.0 = Debug|Win32
		{6A7EB8F4-E01C-498D-8F4B-A2819940893C}.Release|x64.ActiveCfg = Release|x64
		{6A7EB8F4-E01C-498D-8F4B-A2819940893C}.Release|x64.Build.0 = Release|x64
		{6A7EB8F4-E01C-498D-8F4B-A2819940893C}.Release|x86.ActiveCfg = Release|Win32
		{6A7EB8F4-E01C-498D-8F4B-A2819940893C}.Release|x86.Build.0 = Release|Win32
		{8EB68221-C2E2-408D-BBD7-3226B973408E}.Debug|x64.ActiveCfg = Debug|x64
		{8EB68221-C2E2-408D-BBD7-3226B973408E}.Debug|x64.Build.0 = Debug|x64
		{8EB68221-C2E2-408D-BBD7-3226B973408E}.Debug|x86.ActiveCfg = Debug|Win32
		{8EB68221-C2E2-408D-BBD7-3226B973408E}.Debug|x86.Build.0 = Debug|Win32
		{8EB68221-C2E2-408D-BBD7-3226B973408E}.Release|x64.ActiveCfg = Release|x64
		{8EB68221-C2E2-408D-BBD7-3226B973408E}.Release|x64.Build.0 = Release|x64
		{8EB68221-C2E2-408D-BBD7-3226B973408E}.Release|x86.ActiveCfg = Release|Win32
		{8EB68221-C2E2-408D-BBD7-3226B973408E}.Release|x86.Build.0 = Release|Win32
		{E45907FC-0678-4454-9258-A9FFD4319439}.Debug|x64.ActiveCfg = Debug|x64
		{E45907FC-0678-4454-9258-A9FFD4319439}.Debug|x64.Build.0 = Debug|x64
		{E45907FC-0678-4454-9258-A9FFD4319439}.Debug|x86.ActiveCfg = Debug|Win32
		{E45907FC-0678-4454-9258-A9FFD4319439}.Debug|x86.Build.0 = Debug|Win32
		{E45907FC-0678-4454-9258-A9FFD4319439}.Release|x64.ActiveCfg = Release|x64
		{E45907FC-0678-4454-9258-A9FFD4319439}.Release|x64.Build.0 = Release|x64
		{E45907FC-0678-4454-9258-A9FFD4319439}.Release|x86.ActiveCfg = Release|Win32
		{E45907FC-0678-4454-9258-A9FFD4319439}.Release|x86.Build.0 = Release|Win32
		{220B1D71-CA42-42E1-BC5F-2A360DAC85F3}.Debug|x64.ActiveCfg = Debug|x64
		{220B1D71-CA42-42E1-BC5F-2A360DAC85F3}.Debug|x64.Build.0 = Debug|x64
		{220B1D71-CA42-42E1-BC5F-2A360DAC85F3}.Debug|x86.ActiveCfg = Debug|Win32
		{220B1D71-CA42-42E1-BC5F-2A360DAC85F3}.Debug|x86.Build.0 = Debug|Win32
		{220B1D71-CA42-42E1-BC5F-2A360DAC85F3}.Release|x64.ActiveCfg = Release|x64
		{220B1D71-CA42-42E1-BC5F-2A360DAC85F3}.Release|x64.Build.0 = Release|x64
		{220B1D71-CA42-42E1-BC5F-2A360DAC85F3}.Release|x86.ActiveCfg = Release|Win32
		{220B1D71-CA42-42E1-BC5F-2A360DAC85F3}.Release|x86.Build.0 = Release|Win32
		{A73086C7-B0FC-48C9-A381-06873FA46EE1}.Debug|x64.ActiveCfg = Debug|x64
		{A73086C7-B0FC-48C9-A381-06873FA46EE1}.Debug|x64.Build.0 = Debug|x64
		{A73086C7-B0FC-48C9-A381-06873FA46EE1}.Debug|x86.ActiveCfg = Debug|Win32
		{A73086C7-B0FC-48C9-A381-06873FA46EE1}.Debug|x86.Build.0 = Debug|Win32
		{A73086C7-B0FC-48C9-A381-06873FA46EE1}.Release|x64.ActiveCfg = Release|x64
		{A73086C7-B0FC-48C9-A381-06873FA46EE1}.Release|x64.Build.0 = Release|x64
		{A73086C7-B0FC-48C9-A381-06873FA46EE1}.Release|x86.ActiveCfg = Release|Win32
		{A73086C7-B0FC-48C9-A381-06873FA46EE1}.Release|x86.Build.0 = Release|Win32
		{E3A5044D-BB80-4BE8-872D-B192B55110A1}.Debug|x64.ActiveCfg = Debug|x64
		{E3A5044D-BB80-4BE8-872D-B192B55110A1}.Debug|x64.Build.0 = Debug|x64
		{E3A5044D-BB80-4BE8-872D-B192B55110A1}.Debug|x86.ActiveCfg = Debug|Win32
		{E3A5044D-BB80-4BE8-872D-B192B55110A1}.Debug|x86.Build.0 = Debug|Win32
		{E3A5044D-BB80-4BE8-872D-B192B55110A1}.Release|x64.ActiveCfg = Release|x64
		{E3A5044D-BB80-4BE8-872D-B192B55110A1}.Release|x64.Build.0 = Release|x64
		{E3A5044D-BB80-4BE8-872D-B192B55110A1}.Release|x86.ActiveCfg = Release|Win32
		{E3A5044D-BB80-4BE8-872D-B192B55110A1}.Release|x86.Build.0 = Release|Win32
		{A8921BDC-5446-4E9C-95F5-876EC82C03A4}.Debug|x64.ActiveCfg = Debug|x64
		{A8921BDC-5446-4E9C-95F5-876EC82C03A4}.Debug|x64.Build.0 = Debug|x64
		{A8921BDC-5446-4E9C-95F5-876EC82C03A4}.Debug|x86.ActiveCfg = Debug|Win32
		{A8921BDC-5446-4E9C-95F5-876EC82C03A4}.Debug|x86.Build.0 = Debug|Win32
		{A8921BDC-5446-4E9C-95F5-876EC82C03A4}.Release|x64.ActiveCfg = Release|x64
		{A8921BDC-5446-4E9C-95F5-876EC82C03A4}.Release|x64.Build.0 = Release|x64
		{A8921BDC-5446-4E9C-95F5-876EC82C03A4}.Release|x86.ActiveCfg = Release|Win32
		{A8921BDC-5446-4E9C-95F5-876EC82C03A4}.Release|x86.Build.0 = Release|Win32
		{37315771-5876-474D-B40C-D86320FAD1BA}.Debug|x64.ActiveCfg = Debug|x64
		{37315771-5876-474D-B40C-D86320FAD1BA}.Debug|x64.Build.0 = Debug|x64
		{37315771-5876-474D-B40C-D86320FAD1BA}.Debug|x86.ActiveCfg = Debug|Win32
		{37315771-5876-474D-B40C-D86320FAD1BA}.Debug|x86.Build.0 = Debug|Win32
		{37315771-5876-474D-B40C-D86320FAD1BA}.Release|x64.ActiveCfg = Release|x64
		{37315771-5876-474D-B40C-D86320FAD1BA}.Release|x64.Build.0 = Release|x64
		{37315771-5876-474D-B40C-D86320FAD1BA}.Release|x86.ActiveCfg = Release|Win32
		{37315771-5876-474D-B40C-D86320FAD1BA}.Release|x86.Build.0 = Release|Win32
		{B03AA268-9BA4-413C-A761-A8C52B7BB622}.Debug|x64.ActiveCfg = Debug|x64
		{B03AA268-9BA4-413C-A761-A8C52B7BB622}.Debug|x64.Build.0 = Debug|x64
		{B03AA268-9BA4-413C-A761-A8C52B7BB622}.Debug|x86.ActiveCfg = Debug|Win32
		{B03AA268-9BA4-413C-A761-A8C52B7BB622}.Debug|x86.Build.0 = Debug|Win32
		{B03AA268-9BA4-413C-A761-A8C52B7BB622}.Release|x64.ActiveCfg = Release|x64
		{B03AA268-9BA4-413C-A761-A8C52B7BB622}.Release|x64.Build.0 = Release|x64
		{B03AA268-9BA4-413C-A761-A8C52B7BB622}.Release|x86.ActiveCfg = Release|Win32
		{B03AA268-9BA4-413C-A761-A8C52B7BB622}.Release|x86.Build.0 = Release|Win32
		{5C4E1B37-4AA8-444B-B512-323A7803EC53}.Debug|x64.ActiveCfg = Debug|x64
		{5C4E1B37-4AA8-444B-B512-323A7803EC53}.Debug|x64.Build.0 = Debug|x64
		{5C4E1B37-4AA8-444B-B512-323A7803EC53}.Debug|x86.ActiveCfg = Debug|Win32
		{5C4E1B37-4AA8-444B-B512-323A7803EC53}.Debug|x86.Build.0 = Debug|Win32
		{5C4E1B37-4AA8-444B-B512-323A7803EC53}.Release|x64.ActiveCfg = Release|x64
		{5C4E1B37-4AA8-444B-B512-323A7803EC53}.Release|x64.Build.0 = Release|x64
		{5C4E1B37-4AA8-444B-B512-323A7803EC53}.Release|x86.ActiveCfg = Release|Win32
		{5C4E1B37-4AA8-444B-B512-323A7803EC53}.Release|x86.Build.0 = Release|Win32
		{CEEB8063-22E7-4A21-B5F2-6CAC2036AF5C}.Debug|x64.ActiveCfg = Debug|x64
		{CEEB8063-22E7-4A21-B5F2-6CAC2036AF5C}.Debug|x64.Build.0 = Debug|x64
		{CEEB8063-22E7-4A21-B5F2-6CAC2036AF5C}.Debug|x86.ActiveCfg = Debug|Win32
		{CEEB8063-22E7-4A21-B5F2-6CAC2036AF5C}.Debug|x86.Build.0 = Debug|Win32
		{CEEB8063-22E7-4A21-B5F2-6CAC2036AF5C}.Release|x64.ActiveCfg = Release|x64
		{CEEB8063-22E7-4A21-B5F2-6CAC2036AF5C}.Release|x64.Build.0 = Release|x64
		{CEEB8063-22E7-4A21-B5F2-6CAC2036AF5C}.Release|x86.ActiveCfg = Release|Win32
		{CEEB8063-22E7-4A21-B5F2-6CAC2036AF5C}.Release|x86.Build.0 = Release|Win32
		{BF4239C6-336B-40AE-B91A-27C66BCBB345}.Debug|x64.ActiveCfg = Debug|x64
		{BF4239C6-336B-40AE-B91A-27C66BCBB345}.Debug|x64.Build.0 = Debug|x64
		{BF4239C6-336B-40AE-B91A-27C66BCBB345}.Debug|x86.ActiveCfg = Debug|Win32
		{BF4239C6-336B-40AE-B91A-27C66BCBB345}.Debug|x86.Build.0 = Debug|Win32
		{BF4239C6-336B-40AE-B91A-27C66BCBB345}.Release|x64.ActiveCfg = Release|x64
		{BF4239C6-336B-40AE-B91A-27C66BCBB345}.Release|x64.Build.0 = Release|x64
		{BF4239C6-336B-40AE-B91A-27C66BCBB345}.Release|x86.ActiveCfg = Release|Win32
		{BF4239C6-336B-40AE-B91A-27C66BCBB345}.Release|x86.Build.0 = Release|Win32
		{C6F2060B-8284-46A6-AA11-D2FDC11F59B4}.Debug|x64.ActiveCfg = Debug|x64
		{C6F2060B-8284-46A6-AA11-D2FDC11F59B4}.Debug|x64.Build.0 = Debug|x64
		{C6F2060B-8284-46A6-AA11-D2FDC11F59B4}.Debug|x86.ActiveCfg = Debug|Win32
		{C6F2060B-8284-46A6-AA11-D2FDC11F59B4}.Debug|x86.Build.0 = Debug|Win32
		{C6F2060B-8284-46A6-AA11-D2FDC11F59B4}.Release|x64.ActiveCfg = Release|x64
		{C6F2060B-8284-46A6-AA11-D2FDC11F59B4}.Release|x64.Build.0 = Release|x64
		{C6F2060B-8284-46A6-AA11-D2FDC11F59B4}.Release|x86.ActiveCfg = Release|Win32
		{C6F2060B-8284-46A6-AA11-D2FDC11F59B4}.Release|x86.Build.0 = Release|Win32
		{121628EA-653D-4F8B-A40C-5F733797E8E1}.Debug|x64.ActiveCfg = Debug|x64
		{121628EA-653D-4F8B-A40C-5F733797E8E1}.Debug|x64.Build.0 = Debug|x64
		{121628EA-653D-4F8B-A40C-5F733797E8E1}.Debug|x86.ActiveCfg = Debug|Win32
		{121628EA-653D-4F8B-A40C-5F733797E8E1}.Debug|x86.Build.0 = Debug|Win32
		{121628EA-653D-4F8B-A40C-5F733797E8E1}.Release|x64.ActiveCfg = Release|x64
		{121628EA-653D-4F8B-A40C-5F733797E8E1}.Release|x64.Build.0 = Release|x64
		{121628EA-653D-4F8B-A40C-5F733797E8E1}.Release|x86.ActiveCfg = Release|Win32
		{121628EA-653D-4F8B-A40C-5F733797E8E1}.Release|x86.Build.0 = Release|Win32
		{78F8A368-E7EB-4BBE-8804-F4129CC53D9A}.Debug|x64.ActiveCfg = Debug|x64
		{78F8A368-E7EB-4BBE-8804-F4129CC53D9A}.Debug|x64.Build.0 = Debug|x64
		{78F8A368-E7EB-4BBE-8804-F4129CC53D9A}.Debug|x86.ActiveCfg = Debug|Win32
		{78F8A368-E7EB-4BBE-8804-F4129CC53D9A}.Debug|x86.Build.0 = Debug|Win32
		{78F8A368-E7EB-4BBE-8804-F4129CC53D9A}.Release|x64.ActiveCfg = Release|x64
		{78F8A368-E7EB-4BBE-8804-F4129CC53D9A}.Release|x64.Build.0 = Release|x64
		{78F8A368-E7EB-4BBE-8804-F4129CC53D9A}.Release|x86.ActiveCfg = Release|Win32
		{78F8A368-E7EB-4BBE-8804-F4129CC53D9A}.Release|x86.Build.0 = Release|Win32
		{8B431880-4B6B-4E1B-9242-36EFB2615132}.Debug|x64.ActiveCfg = Debug|x64
		{8B431880-4B6B-4E1B-9242-36EFB2615132}.Debug|x64.Build.0 = Debug|x64
		{8B431880-4B6B-4E1B-9242-36EFB2615132}.Debug|x86.ActiveCfg = Debug|Win32
		{8B431880-4B6B-4E1B-9242-36EFB2615132}.Debug|x86.Build.0 = Debug|Win32
		{8B431880-4B6B-4E1B-9242-36EFB2615132}.Release|x64.ActiveCfg = Release|x64
		{8B431880-4B6B-4E1B-9242-36EFB2615132}.Release|x64.Build.0 = Release|x64
		{8B431880-4B6B-4E1B-9242-36EFB2615132}.Release|x86.ActiveCfg = Release|Win32
		{8B431880-4B6B-4E1B-9242-36EFB2615132}.Release|x86.Build.0 = Release|Win32
		{F1BBFC87-EB4C-4183-BE76-D8ACA5507448}.Debug|x64.ActiveCfg = Debug|x64
		{F1BBFC87-EB4C-4183-BE76-D8ACA5507448}.Debug|x64.Build.0 = Debug|x64
		{F1BBFC87-EB4C-4183-BE76-D8ACA5507448}.Debug|x86.ActiveCfg = Debug|Win32
		{F1BBFC87-EB4C-4183-BE76-D8ACA5507448}.Debug|x86.Build.0 = Debug|Win32
		{F1BBFC87-EB4C-4183-BE76-D8ACA5507448}.Release|x64.ActiveCfg = Release|x64
		{F1BBFC87-EB4C-4183-BE76-D8ACA5507448}.Release|x64.Build.0 = Release|x64
		{F1BBFC87-EB4C-4183-BE76-D8ACA5507448}.Release|x86.ActiveCfg = Release|Win32
		{F1BBFC87-EB4C-4183-BE76-D8ACA5507448}.Release|x86.Build.0 = Release|Win32
		{09608EAF-ECB1-468A-8EF4-AE02EE968BC4}.Debug|x64.ActiveCfg = Debug|x64
		{09608EAF-ECB1-468A-8EF4-AE02EE968BC4}.Debug|x64.Build.0 = Debug|x64
		{09608EAF-ECB1-468A-8EF4-AE02EE968BC4}.Debug|x86.ActiveCfg = Debug|Win32
		{09608EAF-ECB1-468A-8EF4-AE02EE968BC4}.Debug|x86.Build.0 = Debug|Win32
		{09608EAF-ECB1-468A-8EF4-AE02EE968BC4}.Release|x64.ActiveCfg = Release|x64
		{09608EAF-ECB1-468A-8EF4-AE02EE968BC4}.Release|x64.Build.0 = Release|x64
		{09608EAF-ECB1-468A-8EF4-AE02EE968BC4}.Release|x86.ActiveCfg = Release|Win32
		{09608EAF-ECB1-468A-8EF4-AE02EE968BC4}.Release|x86.Build.0 = Release|Win32
		{59FCCAF7-4395-4F73-A13C-EDB1982BC6E9}.Debug|x64.ActiveCfg = Debug|x64
		{59FCCAF7-4395-4F73-A13C-EDB1982BC6E9}.Debug|x64.Build.0 = Debug|x64
		{59FCCAF7-4395-4F73-A13C-EDB1982BC6E9}.Debug|x86.ActiveCfg = Debug|Win32
		{59FCCAF7-4395-4F73-A13C-EDB1982BC6E9}.Debug|x86.Build.0 = Debug|Win32
		{59FCCAF7-4395-4F73-A13C-EDB1982BC6E9}.Release|x64.ActiveCfg = Release|x64
		{59FCCAF7-4395-4F73-A13C-EDB1982BC6E9}.Release|x64.Build.0 = Release|x64
		{59FCCAF7-4395-4F73-A13C-EDB1982BC6E9}.Release|x86.ActiveCfg = Release|Win32
		{59FCCAF7-4395-4F73-A13C-EDB1982BC6E9}.Release|x86.Build.0 = Release|Win32
	EndGlobalSection
	GlobalSection(SolutionProperties) = preSolution
		HideSolutionNode = FALSE
	EndGlobalSection
	GlobalSection(NestedProjects) = preSolution
		{7A291902-AB1A-4CDC-B77B-A8C31A3BC778} = {694FDDE4-F3C7-4C7C-9CD1-C46A82B4C975}
		{3423301F-ED6E-4D41-A086-D5F474A8B596} = {694FDDE4-F3C7-4C7C-9CD1-C46A82B4C975}
		{1C79BD2F-7E0A-4BA7-8A48-6C07C9EF1C83} = {694FDDE4-F3C7-4C7C-9CD1-C46A82B4C975}
		{88CDD6D3-9BAC-45EC-8D93-B674820B2A14} = {694FDDE4-F3C7-4C7C-9CD1-C46A82B4C975}
		{B8CE4F27-C2E0-4253-9B19-6819C107011B} = {1CDD1684-79EB-4379-9B17-FCB77E960BF5}
		{D454D1B8-E3A7-4A42-8FFD-FA0B4B13D99F} = {1CDD1684-79EB-4379-9B17-FCB77E960BF5}
		{465B50CF-FF30-4CEF-8E88-2172C8075E7F} = {1CDD1684-79EB-4379-9B17-FCB77E960BF5}
		{6E83AB65-BF87-4B64-B3B4-354C7FFE9C5C} = {1CDD1684-79EB-4379-9B17-FCB77E960BF5}
		{606F6AD5-62DF-419F-97E3-55F6B46FF6B8} = {1CDD1684-79EB-4379-9B17-FCB77E960BF5}
		{0A11CC6F-7699-4618-BD50-22FBC70BAD90} = {1CDD1684-79EB-4379-9B17-FCB77E960BF5}
		{16A903CB-3AD7-4B44-BF80-42055A38DB7B} = {C134292F-F6C2-4557-B445-52A63311AE45}
		{9EFDFF14-F876-447A-A06B-137B6C3E13FE} = {C134292F-F6C2-4557-B445-52A63311AE45}
		{1CE5DECB-3450-42AF-82CC-C1136AE12ACC} = {C134292F-F6C2-4557-B445-52A63311AE45}
		{5EB9D0A5-051F-43A8-9504-746F08BD9CA5} = {C134292F-F6C2-4557-B445-52A63311AE45}
		{3AFB71B8-15AA-48BF-A156-AAEEE05594DC} = {FE7BEA48-9074-46F1-A76A-4914D51A8C4B}
		{39F45B65-0CF4-4559-B385-69806AAC112D} = {FE7BEA48-9074-46F1-A76A-4914D51A8C4B}
		{035153CC-8DA6-4A25-9FB4-5442545A670B} = {FE7BEA48-9074-46F1-A76A-4914D51A8C4B}
		{24DAD805-9623-4105-AB1B-F871960283F5} = {0BEB785F-A18E-4DC6-8AEE-168E631B0FB7}
		{2EDC73D0-2A5A-401D-99BB-B848B9DD2BFF} = {A0247F23-E2BB-43FD-AFF1-FDBA54DB4418}
		{B2E8DA4F-A712-498A-8686-A7A142E3DF69} = {A0247F23-E2BB-43FD-AFF1-FDBA54DB4418}
		{14D85D4B-D2DA-47DB-A6DD-930448FDB1D8} = {A0247F23-E2BB-43FD-AFF1-FDBA54DB4418}
		{7826BF77-25AD-471E-AB29-61DA85CE3BC7} = {A0247F23-E2BB-43FD-AFF1-FDBA54DB4418}
		{C0EC0D19-B61C-4A90-9DFB-4C89207F3436} = {A0247F23-E2BB-43FD-AFF1-FDBA54DB4418}
		{9FAEEC0E-381D-4D96-8C4E-2B91C8137B0C} = {A0247F23-E2BB-43FD-AFF1-FDBA54DB4418}
		{21FCFFDF-2E82-4337-9BA6-F28C29C802AD} = {694FDDE4-F3C7-4C7C-9CD1-C46A82B4C975}
		{3ED8E551-66C6-4816-84C7-76637A68125C} = {41910DBC-8ECE-4F9F-A672-CD98B6BB7EA5}
		{A6EADED8-25E9-4370-9F6F-C4FB4BB81C4F} = {41910DBC-8ECE-4F9F-A672-CD98B6BB7EA5}
		{FBA100CC-623C-4132-A5F3-34C6D2678E2B} = {41910DBC-8ECE-4F9F-A672-CD98B6BB7EA5}
		{B10B94CB-08E1-436F-9C43-5893D699C278} = {41910DBC-8ECE-4F9F-A672-CD98B6BB7EA5}
		{2006D650-8EA9-4541-BEE9-AE81A64D0B2E} = {41910DBC-8ECE-4F9F-A672-CD98B6BB7EA5}
		{E1524803-3189-43CE-9D61-E42986E7A196} = {41910DBC-8ECE-4F9F-A672-CD98B6BB7EA5}
		{2B458F93-85A3-45D0-B4A7-40C1B605D1D6} = {41910DBC-8ECE-4F9F-A672-CD98B6BB7EA5}
		{F25B0884-7DFB-4248-AC96-5E44C7CB9615} = {41910DBC-8ECE-4F9F-A672-CD98B6BB7EA5}
		{37D8E991-E9EB-47A4-9E97-07702D5AF3B7} = {41910DBC-8ECE-4F9F-A672-CD98B6BB7EA5}
		{B2DCC829-62F8-4921-A30C-AB37E9A51F30} = {C134292F-F6C2-4557-B445-52A63311AE45}
		{6A7EB8F4-E01C-498D-8F4B-A2819940893C} = {986CB2E8-DD8D-416E-B4DD-F31010DF9962}
		{8EB68221-C2E2-408D-BBD7-3226B973408E} = {751F1AB1-ED69-4AE4-8EC2-BED627297CC2}
		{E45907FC-0678-4454-9258-A9FFD4319439} = {751F1AB1-ED69-4AE4-8EC2-BED627297CC2}
		{220B1D71-CA42-42E1-BC5F-2A360DAC85F3} = {4B536E2A-FB87-4938-BE84-147D357C2976}
		{A73086C7-B0FC-48C9-A381-06873FA46EE1} = {4B536E2A-FB87-4938-BE84-147D357C2976}
		{E3A5044D-BB80-4BE8-872D-B192B55110A1} = {4B536E2A-FB87-4938-BE84-147D357C2976}
		{A8921BDC-5446-4E9C-95F5-876EC82C03A4} = {4B536E2A-FB87-4938-BE84-147D357C2976}
		{37315771-5876-474D-B40C-D86320FAD1BA} = {CA7EE86D-A334-4065-BD10-238AA78595D5}
		{B03AA268-9BA4-413C-A761-A8C52B7BB622} = {CA7EE86D-A334-4065-BD10-238AA78595D5}
		{5C4E1B37-4AA8-444B-B512-323A7803EC53} = {CA7EE86D-A334-4065-BD10-238AA78595D5}
		{CEEB8063-22E7-4A21-B5F2-6CAC2036AF5C} = {CA7EE86D-A334-4065-BD10-238AA78595D5}
		{BF4239C6-336B-40AE-B91A-27C66BCBB345} = {11F76C48-75C6-47EE-AE6A-52F9EC722447}
		{C6F2060B-8284-46A6-AA11-D2FDC11F59B4} = {11F76C48-75C6-47EE-AE6A-52F9EC722447}
		{121628EA-653D-4F8B-A40C-5F733797E8E1} = {11F76C48-75C6-47EE-AE6A-52F9EC722447}
		{78F8A368-E7EB-4BBE-8804-F4129CC53D9A} = {11F76C48-75C6-47EE-AE6A-52F9EC722447}
		{8B431880-4B6B-4E1B-9242-36EFB2615132} = {11F76C48-75C6-47EE-AE6A-52F9EC722447}
		{F1BBFC87-EB4C-4183-BE76-D8ACA5507448} = {4BC0FED7-C807-4990-9FDD-B8034656B88B}
		{09608EAF-ECB1-468A-8EF4-AE02EE968BC4} = {4BC0FED7-C807-4990-9FDD-B8034656B88B}
		{59FCCAF7-4395-4F73-A13C-EDB1982BC6E9} = {A611F94E-B3B5-4AB1-A41D-49FF23D9DC1B}
	EndGlobalSection
	GlobalSection(ExtensibilityGlobals) = postSolution
		SolutionGuid = {1F5D41CF-2764-46EB-93EE-1C6FD1A69CDA}
	EndGlobalSection
EndGlobal
